{
  "nodes": {
    "nixpkgs": {
      "locked": {
        "lastModified": 1779479893,
        "narHash": "sha256-1QsNjydQW3bcfnVP8E8t9h6p+bDlnotbCHLOiN18PO8=",
        "path": "/nix/store/w4r6kb01amvczvmfaidl4wwcvrk96izd-source",
        "rev": "df10b3c6075b57fcf591c4e60e4c8d5ca8474128",
        "type": "path"
      },
      "original": {
        "owner": "NixOS",
        "ref": "nixos-unstable",
        "repo": "nixpkgs",
        "type": "github"
      }
    },
    "root": {
      "inputs": {
        "nixpkgs": "nixpkgs"
      }
    }
  },
  "root": "root",
  "version": 7
}
